
Microsoft Visual Studio Solution File, Format Version 12.00
# Visual Studio Version 16
VisualStudioVersion = 16.0.31729.503
MinimumVisualStudioVersion = 10.0.40219.1
Project("{FAE04EC0-301F-11D3-BF4B-00C04F79EFBC}") = "sunangcoreapp", "sunangcoreapp.csproj", "{B50C5FAE-5F1C-4A49-9FA4-997EEB897870}"
EndProject
Global
	GlobalSection(SolutionConfigurationPlatforms) = preSolution
		Debug|Any CPU = Debug|Any CPU
		Release|Any CPU = Release|Any CPU
	EndGlobalSection
	GlobalSection(ProjectConfigurationPlatforms) = postSolution
		{B50C5FAE-5F1C-4A49-9FA4-997EEB897870}.Debug|Any CPU.ActiveCfg = Debug|Any CPU
		{B50C5FAE-5F1C-4A49-9FA4-997EEB897870}.Debug|Any CPU.Build.0 = Debug|Any CPU
		{B50C5FAE-5F1C-4A49-9FA4-997EEB897870}.Release|Any CPU.ActiveCfg = Release|Any CPU
		{B50C5FAE-5F1C-4A49-9FA4-997EEB897870}.Release|Any CPU.Build.0 = Release|Any CPU
	EndGlobalSection
	GlobalSection(SolutionProperties) = preSolution
		HideSolutionNode = FALSE
	EndGlobalSection
	GlobalSection(ExtensibilityGlobals) = postSolution
		SolutionGuid = {FDD493D2-4A6F-4842-8E12-FE1B35E99DC6}
	EndGlobalSection
EndGlobal
